
Microsoft Visual Studio Solution File, Format Version 12.00
# Visual Studio Version 17
VisualStudioVersion = 17.0.31903.59
MinimumVisualStudioVersion = 10.0.40219.1
Project("{FAE04EC0-301F-11D3-BF4B-00C04F79EFBC}") = "GlobalTicket.Events.Api", "GlobalTicket.Events.Api\GlobalTicket.Events.Api.csproj", "{D666E494-CC7D-42EB-848D-EEC719B202AF}"
EndProject
Project("{FAE04EC0-301F-11D3-BF4B-00C04F79EFBC}") = "GlobalTicket.Events.Tests", "GlobalTicket.Events.Tests\GlobalTicket.Events.Tests.csproj", "{02FF57CE-FF44-49C6-9599-45C6BFB3B7C2}"
EndProject
Global
	GlobalSection(SolutionConfigurationPlatforms) = preSolution
		Debug|Any CPU = Debug|Any CPU
		Release|Any CPU = Release|Any CPU
	EndGlobalSection
	GlobalSection(SolutionProperties) = preSolution
		HideSolutionNode = FALSE
	EndGlobalSection
	GlobalSection(ProjectConfigurationPlatforms) = postSolution
		{D666E494-CC7D-42EB-848D-EEC719B202AF}.Debug|Any CPU.ActiveCfg = Debug|Any CPU
		{D666E494-CC7D-42EB-848D-EEC719B202AF}.Debug|Any CPU.Build.0 = Debug|Any CPU
		{D666E494-CC7D-42EB-848D-EEC719B202AF}.Release|Any CPU.ActiveCfg = Release|Any CPU
		{D666E494-CC7D-42EB-848D-EEC719B202AF}.Release|Any CPU.Build.0 = Release|Any CPU
		{02FF57CE-FF44-49C6-9599-45C6BFB3B7C2}.Debug|Any CPU.ActiveCfg = Debug|Any CPU
		{02FF57CE-FF44-49C6-9599-45C6BFB3B7C2}.Debug|Any CPU.Build.0 = Debug|Any CPU
		{02FF57CE-FF44-49C6-9599-45C6BFB3B7C2}.Release|Any CPU.ActiveCfg = Release|Any CPU
		{02FF57CE-FF44-49C6-9599-45C6BFB3B7C2}.Release|Any CPU.Build.0 = Release|Any CPU
	EndGlobalSection
EndGlobal
